
Microsoft Visual Studio Solution File, Format Version 12.00
# Visual Studio 2012
Project("{FAE04EC0-301F-11D3-BF4B-00C04F79EFBC}") = "RepeatUntilSuccess", "RepeatUntilSuccess.csproj", "{A76FD7F9-554E-49D4-8313-CE0A42863A25}"
EndProject
Project("{FAE04EC0-301F-11D3-BF4B-00C04F79EFBC}") = "RepeatUntilSuccessTests", "RepeatUntilSuccessTests\RepeatUntilSuccessTests.csproj", "{5DFB69DA-F0DF-46E9-AC3A-EDB550161D5B}"
EndProject
Global
	GlobalSection(SolutionConfigurationPlatforms) = preSolution
		Debug|Any CPU = Debug|Any CPU
		Release|Any CPU = Release|Any CPU
	EndGlobalSection
	GlobalSection(ProjectConfigurationPlatforms) = postSolution
		{A76FD7F9-554E-49D4-8313-CE0A42863A25}.Debug|Any CPU.ActiveCfg = Debug|Any CPU
		{A76FD7F9-554E-49D4-8313-CE0A42863A25}.Debug|Any CPU.Build.0 = Debug|Any CPU
		{A76FD7F9-554E-49D4-8313-CE0A42863A25}.Release|Any CPU.ActiveCfg = Release|Any CPU
		{A76FD7F9-554E-49D4-8313-CE0A42863A25}.Release|Any CPU.Build.0 = Release|Any CPU
		{5DFB69DA-F0DF-46E9-AC3A-EDB550161D5B}.Debug|Any CPU.ActiveCfg = Debug|Any CPU
		{5DFB69DA-F0DF-46E9-AC3A-EDB550161D5B}.Debug|Any CPU.Build.0 = Debug|Any CPU
		{5DFB69DA-F0DF-46E9-AC3A-EDB550161D5B}.Release|Any CPU.ActiveCfg = Release|Any CPU
		{5DFB69DA-F0DF-46E9-AC3A-EDB550161D5B}.Release|Any CPU.Build.0 = Release|Any CPU
	EndGlobalSection
	GlobalSection(SolutionProperties) = preSolution
		HideSolutionNode = FALSE
	EndGlobalSection
EndGlobal
